hash: b13315fad92eb9aaed051f689a3ef35a0e96c7366a27020bb9929c99a5b7bcd5
updated: 2017-11-06T20:25:29.751642487-08:00
imports:
- name: github.com/briandowns/spinner
  version: 48dbb65d7bd5c74ab50d53d04c949f20e3d14944
- name: github.com/fatih/color
  version: 570b54cabe6b8eb0bc2dfce68d964677d63b5260
- name: github.com/inconshreveable/go-update
  version: 8152e7eb6ccf8679a64582a66b78519688d156ad
  subpackages:
  - internal/binarydist
  - internal/osext
- name: github.com/jbenet/go-context
  version: d14ea06fba99483203c19d92cfcd13ebe73135f4
  subpackages:
  - io
- name: github.com/kardianos/osext
  version: ae77be60afb1dcacde03767a8c37337fad28ac14
- name: github.com/mattn/go-colorable
  version: 5411d3eea5978e6cdc258b30de592b60df6aba96
  repo: https://github.com/mattn/go-colorable
- name: github.com/mattn/go-isatty
  version: 0360b2af4f38e8d38c7fce2a9f4e702702d73a39
- name: github.com/mitchellh/go-homedir
  version: b8bc1bf767474819792c23f32d8286a45736f1c6
- name: github.com/sergi/go-diff
  version: 2fc9cd33b5f86077aa3e0f442fa0476a9fa9a1dc
  subpackages:
  - diffmatchpatch
- name: github.com/src-d/gcfg
  version: f187355171c936ac84a82793659ebb4936bc1c23
  subpackages:
  - scanner
  - token
  - types
- name: github.com/src-d/go-git
  version: f9879dd043f84936a1f8acb8a53b74332a7ae135
- name: github.com/urfave/cli
  version: cfb38830724cc34fedffe9a2a29fb54fa9169cd1
- name: github.com/xanzy/ssh-agent
  version: ba9c9e33906f58169366275e3450db66139a31a9
- name: github.com/yookoala/realpath
  version: d19ef9c409d9817c1e685775e53d361b03eabbc8
- name: golang.org/x/crypto
  version: 687d4b818545e443c8ba223cbef20b1721afd4db
  subpackages:
  - curve25519
  - ed25519
  - ed25519/internal/edwards25519
  - ssh
  - ssh/agent
  - ssh/knownhosts
- name: golang.org/x/net
  version: 01c190206fbdffa42f334f4b2bf2220f50e64920
  subpackages:
  - context
- name: golang.org/x/sys
  version: 9d4e42a20653790449273b3c85e67d6d8bae6e2e
  subpackages:
  - unix
- name: golang.org/x/text
  version: 88f656faf3f37f690df1a32515b479415e1a6769
  subpackages:
  - transform
  - unicode/norm
- name: gopkg.in/src-d/go-billy.v3
  version: c329b7bc7b9d24905d2bc1b85bfa29f7ae266314
  subpackages:
  - helper/chroot
  - helper/polyfill
  - osfs
  - util
- name: gopkg.in/src-d/go-git.v4
  version: f9879dd043f84936a1f8acb8a53b74332a7ae135
  subpackages:
  - config
  - internal/revision
  - plumbing
  - plumbing/cache
  - plumbing/filemode
  - plumbing/format/config
  - plumbing/format/diff
  - plumbing/format/gitignore
  - plumbing/format/idxfile
  - plumbing/format/index
  - plumbing/format/objfile
  - plumbing/format/packfile
  - plumbing/format/pktline
  - plumbing/object
  - plumbing/protocol/packp
  - plumbing/protocol/packp/capability
  - plumbing/protocol/packp/sideband
  - plumbing/revlist
  - plumbing/storer
  - plumbing/transport
  - plumbing/transport/client
  - plumbing/transport/file
  - plumbing/transport/git
  - plumbing/transport/http
  - plumbing/transport/internal/common
  - plumbing/transport/server
  - plumbing/transport/ssh
  - storage
  - storage/filesystem
  - storage/filesystem/internal/dotgit
  - storage/memory
  - utils/binary
  - utils/diff
  - utils/ioutil
  - utils/merkletrie
  - utils/merkletrie/filesystem
  - utils/merkletrie/index
  - utils/merkletrie/internal/frame
  - utils/merkletrie/noder
- name: gopkg.in/warnings.v0
  version: 8a331561fe74dadba6edfc59f3be66c22c3b065d
testImports: []
